---

## https://www.objective-see.com/products/blockblock.html
- name: Set variables for BlockBlock
  set_fact:
    app_name: BlockBlock
    app_url: https://bitbucket.org/objective-see/deploy/downloads/BlockBlock_0.9.9.4.zip
    app_checksum: 'sha1:4E7342597893A61CCE317B61C48C1F7210BD8CB3'

- name: download {{ app_name }}
  get_url:
    url: "{{ app_url }}"
    dest: "{{ install_archives }}/{{ app_url | basename }}"
    mode: '0644'
    checksum: "{{ app_checksum }}"
    validate_certs: "{{ harden_darwin_bitbucket_sslcert_validate | default(true) }}"
  become: yes

- name: decompress {{ app_name }}
  unarchive:
    src: "{{ install_archives }}/{{ app_url | basename }}"
    dest: "{{ install_archives }}"
    mode: '0755'
    creates: "{{ install_archives }}/{{ app_name }} Installer.app/Contents/MacOS/{{ app_name }}"
  become: yes

- block:
    - include: "google-santa-whitelist.yml type=hash path={{ item }} action=whitelist match=White"
      with_items:
        - "{{ install_archives }}/{{ app_name }} Installer.app/Contents/MacOS/{{ app_name }}"
  when: harden_darwin_santa is defined and harden_darwin_santa and harden_darwin_santa_mode == 2

## FIXME! always return 'install ok' and rc = 0
- name: install {{ app_name }}
  command: "\"{{ install_archives }}/{{ app_name }} Installer.app/Contents/MacOS/{{ app_name }}\" -install"
  args:
    creates: "/Library/Objective-See/BlockBlock"
  become: yes

# /Library/Objective-See/BlockBlock/whitelist.plist ?
